
Microsoft Visual Studio Solution File, Format Version 12.00
# Visual Studio 2013
VisualStudioVersion = 12.0.31101.0
MinimumVisualStudioVersion = 10.0.40219.1
Project("{159641D6-6404-4A2A-AE62-294DE0FE8301}") = "FinancialStreamsPackage", "FinancialStreamsPackage\FinancialStreamsPackage.dtproj", "{E49E5A6F-042A-4BD3-B9F6-63BACF7C785A}"
EndProject
Global
	GlobalSection(SolutionConfigurationPlatforms) = preSolution
		Development|Default = Development|Default
	EndGlobalSection
	GlobalSection(ProjectConfigurationPlatforms) = postSolution
		{E49E5A6F-042A-4BD3-B9F6-63BACF7C785A}.Development|Default.ActiveCfg = Development
		{E49E5A6F-042A-4BD3-B9F6-63BACF7C785A}.Development|Default.Build.0 = Development
	EndGlobalSection
	GlobalSection(SolutionProperties) = preSolution
		HideSolutionNode = FALSE
	EndGlobalSection
EndGlobal
